
Microsoft Visual Studio Solution File, Format Version 12.00
# Visual Studio Version 17
VisualStudioVersion = 17.11.35327.3
MinimumVisualStudioVersion = 10.0.40219.1
Project("{8BC9CEB8-8B4A-11D0-8D11-00A0C91BC942}") = "Application", "Application\Application.vcxproj", "{7FCFF2D3-5F08-4E98-BD03-4E81E4309DAD}"
EndProject
Project("{8BC9CEB8-8B4A-11D0-8D11-00A0C91BC942}") = "EngineBase", "EngineBase\EngineBase.vcxproj", "{B7E0142A-60BF-442A-B72F-6D207D0F3486}"
EndProject
Project("{2150E333-8FDC-42A3-9474-1A3956D46DE8}") = "0_Base", "0_Base", "{582DD881-E4E7-40A8-AF15-228804E0D46D}"
EndProject
Project("{2150E333-8FDC-42A3-9474-1A3956D46DE8}") = "1_Platform", "1_Platform", "{05E310CB-27F5-43FF-8293-A13EBCD45C18}"
EndProject
Project("{8BC9CEB8-8B4A-11D0-8D11-00A0C91BC942}") = "EngineCore", "EngineCore\EngineCore.vcxproj", "{88441C73-E658-46F6-9D49-DE38A9F84831}"
	ProjectSection(ProjectDependencies) = postProject
		{B7E0142A-60BF-442A-B72F-6D207D0F3486} = {B7E0142A-60BF-442A-B72F-6D207D0F3486}
		{BE572462-9C30-47F3-8EE8-EF2BF2396314} = {BE572462-9C30-47F3-8EE8-EF2BF2396314}
	EndProjectSection
EndProject
Project("{2150E333-8FDC-42A3-9474-1A3956D46DE8}") = "2_Core", "2_Core", "{8658B265-939A-49AE-AF83-AE68C0CC3729}"
EndProject
Project("{8BC9CEB8-8B4A-11D0-8D11-00A0C91BC942}") = "EnginePlatform", "EnginePlatform\EnginePlatform.vcxproj", "{BE572462-9C30-47F3-8EE8-EF2BF2396314}"
	ProjectSection(ProjectDependencies) = postProject
		{B7E0142A-60BF-442A-B72F-6D207D0F3486} = {B7E0142A-60BF-442A-B72F-6D207D0F3486}
	EndProjectSection
EndProject
Project("{8BC9CEB8-8B4A-11D0-8D11-00A0C91BC942}") = "EngineEditor", "EngineEditor\EngineEditor.vcxproj", "{10ACDACE-65B1-46DC-AA16-083CA92E3DC2}"
EndProject
Global
	GlobalSection(SolutionConfigurationPlatforms) = preSolution
		Debug|x64 = Debug|x64
		Debug|x86 = Debug|x86
		Release|x64 = Release|x64
		Release|x86 = Release|x86
	EndGlobalSection
	GlobalSection(ProjectConfigurationPlatforms) = postSolution
		{7FCFF2D3-5F08-4E98-BD03-4E81E4309DAD}.Debug|x64.ActiveCfg = Debug|x64
		{7FCFF2D3-5F08-4E98-BD03-4E81E4309DAD}.Debug|x64.Build.0 = Debug|x64
		{7FCFF2D3-5F08-4E98-BD03-4E81E4309DAD}.Debug|x86.ActiveCfg = Debug|x64
		{7FCFF2D3-5F08-4E98-BD03-4E81E4309DAD}.Debug|x86.Build.0 = Debug|x64
		{7FCFF2D3-5F08-4E98-BD03-4E81E4309DAD}.Release|x64.ActiveCfg = Release|x64
		{7FCFF2D3-5F08-4E98-BD03-4E81E4309DAD}.Release|x64.Build.0 = Release|x64
		{7FCFF2D3-5F08-4E98-BD03-4E81E4309DAD}.Release|x86.ActiveCfg = Release|x64
		{7FCFF2D3-5F08-4E98-BD03-4E81E4309DAD}.Release|x86.Build.0 = Release|x64
		{B7E0142A-60BF-442A-B72F-6D207D0F3486}.Debug|x64.ActiveCfg = Debug|x64
		{B7E0142A-60BF-442A-B72F-6D207D0F3486}.Debug|x64.Build.0 = Debug|x64
		{B7E0142A-60BF-442A-B72F-6D207D0F3486}.Debug|x86.ActiveCfg = Debug|x64
		{B7E0142A-60BF-442A-B72F-6D207D0F3486}.Debug|x86.Build.0 = Debug|x64
		{B7E0142A-60BF-442A-B72F-6D207D0F3486}.Release|x64.ActiveCfg = Release|x64
		{B7E0142A-60BF-442A-B72F-6D207D0F3486}.Release|x64.Build.0 = Release|x64
		{B7E0142A-60BF-442A-B72F-6D207D0F3486}.Release|x86.ActiveCfg = Release|x64
		{B7E0142A-60BF-442A-B72F-6D207D0F3486}.Release|x86.Build.0 = Release|x64
		{88441C73-E658-46F6-9D49-DE38A9F84831}.Debug|x64.ActiveCfg = Debug|x64
		{88441C73-E658-46F6-9D49-DE38A9F84831}.Debug|x64.Build.0 = Debug|x64
		{88441C73-E658-46F6-9D49-DE38A9F84831}.Debug|x86.ActiveCfg = Debug|Win32
		{88441C73-E658-46F6-9D49-DE38A9F84831}.Debug|x86.Build.0 = Debug|Win32
		{88441C73-E658-46F6-9D49-DE38A9F84831}.Release|x64.ActiveCfg = Release|x64
		{88441C73-E658-46F6-9D49-DE38A9F84831}.Release|x64.Build.0 = Release|x64
		{88441C73-E658-46F6-9D49-DE38A9F84831}.Release|x86.ActiveCfg = Release|Win32
		{88441C73-E658-46F6-9D49-DE38A9F84831}.Release|x86.Build.0 = Release|Win32
		{BE572462-9C30-47F3-8EE8-EF2BF2396314}.Debug|x64.ActiveCfg = Debug|x64
		{BE572462-9C30-47F3-8EE8-EF2BF2396314}.Debug|x64.Build.0 = Debug|x64
		{BE572462-9C30-47F3-8EE8-EF2BF2396314}.Debug|x86.ActiveCfg = Debug|Win32
		{BE572462-9C30-47F3-8EE8-EF2BF2396314}.Debug|x86.Build.0 = Debug|Win32
		{BE572462-9C30-47F3-8EE8-EF2BF2396314}.Release|x64.ActiveCfg = Release|x64
		{BE572462-9C30-47F3-8EE8-EF2BF2396314}.Release|x64.Build.0 = Release|x64
		{BE572462-9C30-47F3-8EE8-EF2BF2396314}.Release|x86.ActiveCfg = Release|Win32
		{BE572462-9C30-47F3-8EE8-EF2BF2396314}.Release|x86.Build.0 = Release|Win32
		{10ACDACE-65B1-46DC-AA16-083CA92E3DC2}.Debug|x64.ActiveCfg = Debug|x64
		{10ACDACE-65B1-46DC-AA16-083CA92E3DC2}.Debug|x64.Build.0 = Debug|x64
		{10ACDACE-65B1-46DC-AA16-083CA92E3DC2}.Debug|x86.ActiveCfg = Debug|Win32
		{10ACDACE-65B1-46DC-AA16-083CA92E3DC2}.Debug|x86.Build.0 = Debug|Win32
		{10ACDACE-65B1-46DC-AA16-083CA92E3DC2}.Release|x64.ActiveCfg = Release|x64
		{10ACDACE-65B1-46DC-AA16-083CA92E3DC2}.Release|x64.Build.0 = Release|x64
		{10ACDACE-65B1-46DC-AA16-083CA92E3DC2}.Release|x86.ActiveCfg = Release|Win32
		{10ACDACE-65B1-46DC-AA16-083CA92E3DC2}.Release|x86.Build.0 = Release|Win32
	EndGlobalSection
	GlobalSection(SolutionProperties) = preSolution
		HideSolutionNode = FALSE
	EndGlobalSection
	GlobalSection(NestedProjects) = preSolution
		{B7E0142A-60BF-442A-B72F-6D207D0F3486} = {582DD881-E4E7-40A8-AF15-228804E0D46D}
		{88441C73-E658-46F6-9D49-DE38A9F84831} = {8658B265-939A-49AE-AF83-AE68C0CC3729}
		{BE572462-9C30-47F3-8EE8-EF2BF2396314} = {05E310CB-27F5-43FF-8293-A13EBCD45C18}
	EndGlobalSection
	GlobalSection(ExtensibilityGlobals) = postSolution
		SolutionGuid = {6C86CB12-FBA7-4A9B-8AFF-C1E7066ACEBF}
	EndGlobalSection
EndGlobal
