
Microsoft Visual Studio Solution File, Format Version 12.00
# Visual Studio Version 17
VisualStudioVersion = 17.11.35327.3
MinimumVisualStudioVersion = 10.0.40219.1
Project("{8BC9CEB8-8B4A-11D0-8D11-00A0C91BC942}") = "EngineBase", "EngineBase\EngineBase.vcxproj", "{B7E0142A-60BF-442A-B72F-6D207D0F3486}"
EndProject
Project("{2150E333-8FDC-42A3-9474-1A3956D46DE8}") = "0_Base", "0_Base", "{582DD881-E4E7-40A8-AF15-228804E0D46D}"
EndProject
Project("{2150E333-8FDC-42A3-9474-1A3956D46DE8}") = "1_Platform", "1_Platform", "{05E310CB-27F5-43FF-8293-A13EBCD45C18}"
EndProject
Project("{8BC9CEB8-8B4A-11D0-8D11-00A0C91BC942}") = "EngineCore", "EngineCore\EngineCore.vcxproj", "{88441C73-E658-46F6-9D49-DE38A9F84831}"
	ProjectSection(ProjectDependencies) = postProject
		{B7E0142A-60BF-442A-B72F-6D207D0F3486} = {B7E0142A-60BF-442A-B72F-6D207D0F3486}
		{BE572462-9C30-47F3-8EE8-EF2BF2396314} = {BE572462-9C30-47F3-8EE8-EF2BF2396314}
	EndProjectSection
EndProject
Project("{2150E333-8FDC-42A3-9474-1A3956D46DE8}") = "2_Core", "2_Core", "{8658B265-939A-49AE-AF83-AE68C0CC3729}"
EndProject
Project("{8BC9CEB8-8B4A-11D0-8D11-00A0C91BC942}") = "EnginePlatform", "EnginePlatform\EnginePlatform.vcxproj", "{BE572462-9C30-47F3-8EE8-EF2BF2396314}"
	ProjectSection(ProjectDependencies) = postProject
		{B7E0142A-60BF-442A-B72F-6D207D0F3486} = {B7E0142A-60BF-442A-B72F-6D207D0F3486}
	EndProjectSection
EndProject
Project("{2150E333-8FDC-42A3-9474-1A3956D46DE8}") = "3_Contents", "3_Contents", "{86D9BA56-043D-4917-A19F-0421113F70D1}"
EndProject
Project("{8BC9CEB8-8B4A-11D0-8D11-00A0C91BC942}") = "Application", "Application\Application.vcxproj", "{CAF926ED-92CA-49F0-BC61-11105966DDED}"
EndProject
Project("{2150E333-8FDC-42A3-9474-1A3956D46DE8}") = "4_Application", "4_Application", "{A787F01A-1A1A-4E68-8B96-5E477317F638}"
EndProject
Project("{8BC9CEB8-8B4A-11D0-8D11-00A0C91BC942}") = "TeviContents", "EngineContents\TeviContents.vcxproj", "{F0CA3E7F-DCA6-4EB4-A1E4-024BF2502A4B}"
EndProject
Project("{2150E333-8FDC-42A3-9474-1A3956D46DE8}") = "솔루션 항목", "솔루션 항목", "{E99190F8-AEDA-4AA8-B228-2AA27C62AF91}"
	ProjectSection(SolutionItems) = preProject
		README.md = README.md
	EndProjectSection
EndProject
Global
	GlobalSection(SolutionConfigurationPlatforms) = preSolution
		Debug|x64 = Debug|x64
		Debug|x86 = Debug|x86
		Release|x64 = Release|x64
		Release|x86 = Release|x86
	EndGlobalSection
	GlobalSection(ProjectConfigurationPlatforms) = postSolution
		{B7E0142A-60BF-442A-B72F-6D207D0F3486}.Debug|x64.ActiveCfg = Debug|x64
		{B7E0142A-60BF-442A-B72F-6D207D0F3486}.Debug|x64.Build.0 = Debug|x64
		{B7E0142A-60BF-442A-B72F-6D207D0F3486}.Debug|x86.ActiveCfg = Debug|x64
		{B7E0142A-60BF-442A-B72F-6D207D0F3486}.Debug|x86.Build.0 = Debug|x64
		{B7E0142A-60BF-442A-B72F-6D207D0F3486}.Release|x64.ActiveCfg = Release|x64
		{B7E0142A-60BF-442A-B72F-6D207D0F3486}.Release|x64.Build.0 = Release|x64
		{B7E0142A-60BF-442A-B72F-6D207D0F3486}.Release|x86.ActiveCfg = Release|x64
		{B7E0142A-60BF-442A-B72F-6D207D0F3486}.Release|x86.Build.0 = Release|x64
		{88441C73-E658-46F6-9D49-DE38A9F84831}.Debug|x64.ActiveCfg = Debug|x64
		{88441C73-E658-46F6-9D49-DE38A9F84831}.Debug|x64.Build.0 = Debug|x64
		{88441C73-E658-46F6-9D49-DE38A9F84831}.Debug|x86.ActiveCfg = Debug|Win32
		{88441C73-E658-46F6-9D49-DE38A9F84831}.Debug|x86.Build.0 = Debug|Win32
		{88441C73-E658-46F6-9D49-DE38A9F84831}.Release|x64.ActiveCfg = Release|x64
		{88441C73-E658-46F6-9D49-DE38A9F84831}.Release|x64.Build.0 = Release|x64
		{88441C73-E658-46F6-9D49-DE38A9F84831}.Release|x86.ActiveCfg = Release|Win32
		{88441C73-E658-46F6-9D49-DE38A9F84831}.Release|x86.Build.0 = Release|Win32
		{BE572462-9C30-47F3-8EE8-EF2BF2396314}.Debug|x64.ActiveCfg = Debug|x64
		{BE572462-9C30-47F3-8EE8-EF2BF2396314}.Debug|x64.Build.0 = Debug|x64
		{BE572462-9C30-47F3-8EE8-EF2BF2396314}.Debug|x86.ActiveCfg = Debug|Win32
		{BE572462-9C30-47F3-8EE8-EF2BF2396314}.Debug|x86.Build.0 = Debug|Win32
		{BE572462-9C30-47F3-8EE8-EF2BF2396314}.Release|x64.ActiveCfg = Release|x64
		{BE572462-9C30-47F3-8EE8-EF2BF2396314}.Release|x64.Build.0 = Release|x64
		{BE572462-9C30-47F3-8EE8-EF2BF2396314}.Release|x86.ActiveCfg = Release|Win32
		{BE572462-9C30-47F3-8EE8-EF2BF2396314}.Release|x86.Build.0 = Release|Win32
		{CAF926ED-92CA-49F0-BC61-11105966DDED}.Debug|x64.ActiveCfg = Debug|x64
		{CAF926ED-92CA-49F0-BC61-11105966DDED}.Debug|x64.Build.0 = Debug|x64
		{CAF926ED-92CA-49F0-BC61-11105966DDED}.Debug|x86.ActiveCfg = Debug|Win32
		{CAF926ED-92CA-49F0-BC61-11105966DDED}.Debug|x86.Build.0 = Debug|Win32
		{CAF926ED-92CA-49F0-BC61-11105966DDED}.Release|x64.ActiveCfg = Release|x64
		{CAF926ED-92CA-49F0-BC61-11105966DDED}.Release|x64.Build.0 = Release|x64
		{CAF926ED-92CA-49F0-BC61-11105966DDED}.Release|x86.ActiveCfg = Release|Win32
		{CAF926ED-92CA-49F0-BC61-11105966DDED}.Release|x86.Build.0 = Release|Win32
		{F0CA3E7F-DCA6-4EB4-A1E4-024BF2502A4B}.Debug|x64.ActiveCfg = Debug|x64
		{F0CA3E7F-DCA6-4EB4-A1E4-024BF2502A4B}.Debug|x64.Build.0 = Debug|x64
		{F0CA3E7F-DCA6-4EB4-A1E4-024BF2502A4B}.Debug|x86.ActiveCfg = Debug|Win32
		{F0CA3E7F-DCA6-4EB4-A1E4-024BF2502A4B}.Debug|x86.Build.0 = Debug|Win32
		{F0CA3E7F-DCA6-4EB4-A1E4-024BF2502A4B}.Release|x64.ActiveCfg = Release|x64
		{F0CA3E7F-DCA6-4EB4-A1E4-024BF2502A4B}.Release|x64.Build.0 = Release|x64
		{F0CA3E7F-DCA6-4EB4-A1E4-024BF2502A4B}.Release|x86.ActiveCfg = Release|Win32
		{F0CA3E7F-DCA6-4EB4-A1E4-024BF2502A4B}.Release|x86.Build.0 = Release|Win32
	EndGlobalSection
	GlobalSection(SolutionProperties) = preSolution
		HideSolutionNode = FALSE
	EndGlobalSection
	GlobalSection(NestedProjects) = preSolution
		{B7E0142A-60BF-442A-B72F-6D207D0F3486} = {582DD881-E4E7-40A8-AF15-228804E0D46D}
		{88441C73-E658-46F6-9D49-DE38A9F84831} = {8658B265-939A-49AE-AF83-AE68C0CC3729}
		{BE572462-9C30-47F3-8EE8-EF2BF2396314} = {05E310CB-27F5-43FF-8293-A13EBCD45C18}
		{CAF926ED-92CA-49F0-BC61-11105966DDED} = {A787F01A-1A1A-4E68-8B96-5E477317F638}
		{F0CA3E7F-DCA6-4EB4-A1E4-024BF2502A4B} = {86D9BA56-043D-4917-A19F-0421113F70D1}
	EndGlobalSection
	GlobalSection(ExtensibilityGlobals) = postSolution
		SolutionGuid = {6C86CB12-FBA7-4A9B-8AFF-C1E7066ACEBF}
	EndGlobalSection
EndGlobal
