<?xml version="1.0" encoding="utf-8"?>
<Project ToolsVersion="4.0" xmlns="http://schemas.microsoft.com/developer/msbuild/2003">
  <ItemGroup>
    <ClCompile Include="EngineCore.cpp" />
    <ClCompile Include="EnginePCH.cpp" />
    <ClCompile Include="Level.cpp" />
    <ClCompile Include="Components\ActorComponent.cpp">
      <Filter>Components</Filter>
    </ClCompile>
    <ClCompile Include="Components\SceneComponent.cpp">
      <Filter>Components</Filter>
    </ClCompile>
    <ClCompile Include="Actor.cpp">
      <Filter>Actor</Filter>
    </ClCompile>
    <ClCompile Include="GameMode.cpp">
      <Filter>Actor</Filter>
    </ClCompile>
    <ClCompile Include="Pawn.cpp">
      <Filter>Actor</Filter>
    </ClCompile>
    <ClCompile Include="Components\RendererComponent.cpp">
      <Filter>Components</Filter>
    </ClCompile>
    <ClCompile Include="EngineDeviceContext.cpp" />
    <ClCompile Include="Resources\EngineBuffer.cpp" />
    <ClCompile Include="Resources\EngineShader.cpp" />
    <ClCompile Include="Components\CameraComponent.cpp" />
    <ClCompile Include="CameraActor.cpp" />
    <ClCompile Include="Resources\EngineTexture.cpp" />
    <ClCompile Include="Components\SpriteRendererComponent.cpp" />
    <ClCompile Include="Resources\EngineResource.cpp" />
    <ClCompile Include="ResourceManager.cpp" />
    <ClCompile Include="Resources\EngineSprite.cpp" />
    <ClCompile Include="Components\InputComponent.cpp" />
    <ClCompile Include="EngineInputEvent.cpp" />
    <ClCompile Include="Components\DefaultSceneComponent.cpp" />
    <ClCompile Include="Components\AnimatorComponent.cpp" />
    <ClCompile Include="Resources\EngineAnimation.cpp" />
    <ClCompile Include="RenderUnit.cpp" />
    <ClCompile Include="Resources\EngineMesh.cpp" />
    <ClCompile Include="Resources\EngineVertexShader.cpp" />
    <ClCompile Include="Resources\EnginePixelShader.cpp" />
    <ClCompile Include="EngineShaderFactory.cpp" />
    <ClCompile Include="Resources\EngineSamplerState.cpp" />
    <ClCompile Include="Resources\EngineMaterial.cpp" />
    <ClCompile Include="EngineShaderResources.cpp" />
    <ClCompile Include="States\EngineRasterizerState.cpp" />
    <ClCompile Include="StateManager.cpp" />
    <ClCompile Include="States\EngineBlendState.cpp" />
    <ClCompile Include="States\EngineDepthStencilState.cpp" />
    <ClCompile Include="TimerManager.cpp" />
    <ClCompile Include="ThirdParty\IMGUI\imgui.cpp" />
    <ClCompile Include="ThirdParty\IMGUI\imgui_demo.cpp" />
    <ClCompile Include="ThirdParty\IMGUI\imgui_draw.cpp" />
    <ClCompile Include="ThirdParty\IMGUI\imgui_tables.cpp" />
    <ClCompile Include="ThirdParty\IMGUI\imgui_widgets.cpp" />
    <ClCompile Include="ThirdParty\IMGUI\imgui_impl_dx11.cpp" />
    <ClCompile Include="ThirdParty\IMGUI\imgui_impl_win32.cpp" />
    <ClCompile Include="Components\BoxCollider2DComponent.cpp" />
    <ClCompile Include="GUI\ImGuiLayer.cpp" />
    <ClCompile Include="GUI\EngineImGuiWindow.cpp" />
    <ClCompile Include="GUI\HierarchyWindow.cpp" />
    <ClCompile Include="Components\Rigidbody2DComponent.cpp" />
    <ClCompile Include="States\EngineState.cpp" />
    <ClCompile Include="Components\Collider2DComponent.cpp" />
    <ClCompile Include="GUI\DevTestWindow.cpp" />
    <ClCompile Include="Components\TilemapRendererComponent.cpp" />
    <ClCompile Include="Components\TilemapComponent.cpp" />
    <ClCompile Include="Components\TilemapColliderComponent.cpp" />
    <ClCompile Include="GUI\TilemapEditorWindow.cpp" />
    <ClCompile Include="Components\GridRendererComponent.cpp" />
    <ClCompile Include="Components\Renderer2DComponent.cpp" />
    <ClCompile Include="Components\CapsuleCollider2DComponent.cpp" />
    <ClCompile Include="Resources\EngineTilemap.cpp" />
    <ClCompile Include="Resources\EngineFont.cpp" />
  </ItemGroup>
  <ItemGroup>
    <ClInclude Include="EngineCore.h" />
    <ClInclude Include="EnginePCH.h" />
    <ClInclude Include="IContentsCore.h" />
    <ClInclude Include="Level.h" />
    <ClInclude Include="Components\ActorComponent.h">
      <Filter>Components</Filter>
    </ClInclude>
    <ClInclude Include="Components\SceneComponent.h">
      <Filter>Components</Filter>
    </ClInclude>
    <ClInclude Include="Actor.h">
      <Filter>Actor</Filter>
    </ClInclude>
    <ClInclude Include="GameMode.h">
      <Filter>Actor</Filter>
    </ClInclude>
    <ClInclude Include="Pawn.h">
      <Filter>Actor</Filter>
    </ClInclude>
    <ClInclude Include="Components\RendererComponent.h">
      <Filter>Components</Filter>
    </ClInclude>
    <ClInclude Include="EngineDeviceContext.h" />
    <ClInclude Include="Resources\EngineBuffer.h" />
    <ClInclude Include="Resources\EngineShader.h" />
    <ClInclude Include="Components\CameraComponent.h" />
    <ClInclude Include="CameraActor.h" />
    <ClInclude Include="Resources\EngineTexture.h" />
    <ClInclude Include="Components\SpriteRendererComponent.h" />
    <ClInclude Include="Resources\EngineResource.h" />
    <ClInclude Include="ResourceManager.h" />
    <ClInclude Include="Resources\EngineSprite.h" />
    <ClInclude Include="Components\InputComponent.h" />
    <ClInclude Include="EngineInputEvent.h" />
    <ClInclude Include="Components\DefaultSceneComponent.h" />
    <ClInclude Include="Components\AnimatorComponent.h" />
    <ClInclude Include="Resources\EngineAnimation.h" />
    <ClInclude Include="RenderUnit.h" />
    <ClInclude Include="Resources\EngineMesh.h" />
    <ClInclude Include="Resources\EngineVertexShader.h" />
    <ClInclude Include="Resources\EnginePixelShader.h" />
    <ClInclude Include="EngineShaderFactory.h" />
    <ClInclude Include="Resources\EngineSamplerState.h" />
    <ClInclude Include="Resources\EngineMaterial.h" />
    <ClInclude Include="EngineShaderResources.h" />
    <ClInclude Include="States\EngineRasterizerState.h" />
    <ClInclude Include="StateManager.h" />
    <ClInclude Include="States\EngineBlendState.h" />
    <ClInclude Include="States\EngineDepthStencilState.h" />
    <ClInclude Include="TimerManager.h" />
    <ClInclude Include="ThirdParty\IMGUI\imconfig.h" />
    <ClInclude Include="ThirdParty\IMGUI\imgui.h" />
    <ClInclude Include="ThirdParty\IMGUI\imgui_internal.h" />
    <ClInclude Include="ThirdParty\IMGUI\imstb_rectpack.h" />
    <ClInclude Include="ThirdParty\IMGUI\imstb_textedit.h" />
    <ClInclude Include="ThirdParty\IMGUI\imstb_truetype.h" />
    <ClInclude Include="ThirdParty\IMGUI\imgui_impl_dx11.h" />
    <ClInclude Include="ThirdParty\IMGUI\imgui_impl_win32.h" />
    <ClInclude Include="Components\BoxCollider2DComponent.h" />
    <ClInclude Include="GUI\ImGuiLayer.h" />
    <ClInclude Include="GUI\EngineImGuiWindow.h" />
    <ClInclude Include="GUI\HierarchyWindow.h" />
    <ClInclude Include="ThirdParty\Box2D\include\base.h" />
    <ClInclude Include="ThirdParty\Box2D\include\box2d.h" />
    <ClInclude Include="ThirdParty\Box2D\include\collision.h" />
    <ClInclude Include="ThirdParty\Box2D\include\id.h" />
    <ClInclude Include="ThirdParty\Box2D\include\math_functions.h" />
    <ClInclude Include="ThirdParty\Box2D\include\types.h" />
    <ClInclude Include="Components\Rigidbody2DComponent.h" />
    <ClInclude Include="States\EngineState.h" />
    <ClInclude Include="Components\Collider2DComponent.h" />
    <ClInclude Include="GUI\DevTestWindow.h" />
    <ClInclude Include="Components\TilemapRendererComponent.h" />
    <ClInclude Include="Components\TilemapComponent.h" />
    <ClInclude Include="Enums\EngineLayer.h" />
    <ClInclude Include="Components\TilemapColliderComponent.h" />
    <ClInclude Include="Structures\ShaderBufferDataStructure.h" />
    <ClInclude Include="GUI\TilemapEditorWindow.h" />
    <ClInclude Include="Components\GridRendererComponent.h" />
    <ClInclude Include="Components\Renderer2DComponent.h" />
    <ClInclude Include="Components\CapsuleCollider2DComponent.h" />
    <ClInclude Include="Resources\EngineTilemap.h" />
    <ClInclude Include="Structures\EngineDataStructure.h" />
    <ClInclude Include="Enums\DataLayer.h" />
    <ClInclude Include="Resources\EngineFont.h" />
    <ClInclude Include="ThirdParty\msdf-atlas-gen\msdfgen.h" />
    <ClInclude Include="ThirdParty\msdf-atlas-gen\msdfgen-ext.h" />
    <ClInclude Include="ThirdParty\msdf-atlas-gen\artery-font-format\artery-font\artery-font.h" />
    <ClInclude Include="ThirdParty\msdf-atlas-gen\artery-font-format\artery-font\crc32.h" />
    <ClInclude Include="ThirdParty\msdf-atlas-gen\artery-font-format\artery-font\crc32.hpp" />
    <ClInclude Include="ThirdParty\msdf-atlas-gen\artery-font-format\artery-font\enums.h" />
    <ClInclude Include="ThirdParty\msdf-atlas-gen\artery-font-format\artery-font\serialization.h" />
    <ClInclude Include="ThirdParty\msdf-atlas-gen\artery-font-format\artery-font\serialization.hpp" />
    <ClInclude Include="ThirdParty\msdf-atlas-gen\artery-font-format\artery-font\std-artery-font.h" />
    <ClInclude Include="ThirdParty\msdf-atlas-gen\artery-font-format\artery-font\stdio-serialization.h" />
    <ClInclude Include="ThirdParty\msdf-atlas-gen\artery-font-format\artery-font\stdio-serialization.hpp" />
    <ClInclude Include="ThirdParty\msdf-atlas-gen\artery-font-format\artery-font\structures.h" />
    <ClInclude Include="ThirdParty\msdf-atlas-gen\artery-font-format\artery-font\types.h" />
    <ClInclude Include="ThirdParty\msdf-atlas-gen\core\arithmetics.hpp" />
    <ClInclude Include="ThirdParty\msdf-atlas-gen\core\base.h" />
    <ClInclude Include="ThirdParty\msdf-atlas-gen\core\Bitmap.h" />
    <ClInclude Include="ThirdParty\msdf-atlas-gen\core\Bitmap.hpp" />
    <ClInclude Include="ThirdParty\msdf-atlas-gen\core\bitmap-interpolation.hpp" />
    <ClInclude Include="ThirdParty\msdf-atlas-gen\core\BitmapRef.hpp" />
    <ClInclude Include="ThirdParty\msdf-atlas-gen\core\Contour.h" />
    <ClInclude Include="ThirdParty\msdf-atlas-gen\core\contour-combiners.h" />
    <ClInclude Include="ThirdParty\msdf-atlas-gen\core\DistanceMapping.h" />
    <ClInclude Include="ThirdParty\msdf-atlas-gen\core\EdgeColor.h" />
    <ClInclude Include="ThirdParty\msdf-atlas-gen\core\edge-coloring.h" />
    <ClInclude Include="ThirdParty\msdf-atlas-gen\core\EdgeHolder.h" />
    <ClInclude Include="ThirdParty\msdf-atlas-gen\core\edge-segments.h" />
    <ClInclude Include="ThirdParty\msdf-atlas-gen\core\edge-selectors.h" />
    <ClInclude Include="ThirdParty\msdf-atlas-gen\core\equation-solver.h" />
    <ClInclude Include="ThirdParty\msdf-atlas-gen\core\export-svg.h" />
    <ClInclude Include="ThirdParty\msdf-atlas-gen\core\generator-config.h" />
    <ClInclude Include="ThirdParty\msdf-atlas-gen\core\msdf-error-correction.h" />
    <ClInclude Include="ThirdParty\msdf-atlas-gen\core\MSDFErrorCorrection.h" />
    <ClInclude Include="ThirdParty\msdf-atlas-gen\core\pixel-conversion.hpp" />
    <ClInclude Include="ThirdParty\msdf-atlas-gen\core\Projection.h" />
    <ClInclude Include="ThirdParty\msdf-atlas-gen\core\Range.hpp" />
    <ClInclude Include="ThirdParty\msdf-atlas-gen\core\rasterization.h" />
    <ClInclude Include="ThirdParty\msdf-atlas-gen\core\render-sdf.h" />
    <ClInclude Include="ThirdParty\msdf-atlas-gen\core\save-bmp.h" />
    <ClInclude Include="ThirdParty\msdf-atlas-gen\core\save-fl32.h" />
    <ClInclude Include="ThirdParty\msdf-atlas-gen\core\save-rgba.h" />
    <ClInclude Include="ThirdParty\msdf-atlas-gen\core\save-tiff.h" />
    <ClInclude Include="ThirdParty\msdf-atlas-gen\core\Scanline.h" />
    <ClInclude Include="ThirdParty\msdf-atlas-gen\core\sdf-error-estimation.h" />
    <ClInclude Include="ThirdParty\msdf-atlas-gen\core\SDFTransformation.h" />
    <ClInclude Include="ThirdParty\msdf-atlas-gen\core\Shape.h" />
    <ClInclude Include="ThirdParty\msdf-atlas-gen\core\shape-description.h" />
    <ClInclude Include="ThirdParty\msdf-atlas-gen\core\ShapeDistanceFinder.h" />
    <ClInclude Include="ThirdParty\msdf-atlas-gen\core\ShapeDistanceFinder.hpp" />
    <ClInclude Include="ThirdParty\msdf-atlas-gen\core\SignedDistance.hpp" />
    <ClInclude Include="ThirdParty\msdf-atlas-gen\core\Vector2.hpp" />
    <ClInclude Include="ThirdParty\msdf-atlas-gen\Workload.h" />
    <ClInclude Include="ThirdParty\msdf-atlas-gen\Rectangle.h" />
    <ClInclude Include="ThirdParty\msdf-atlas-gen\RectanglePacker.h" />
    <ClInclude Include="ThirdParty\msdf-atlas-gen\rectangle-packing.h" />
    <ClInclude Include="ThirdParty\msdf-atlas-gen\rectangle-packing.hpp" />
    <ClInclude Include="ThirdParty\msdf-atlas-gen\Remap.h" />
    <ClInclude Include="ThirdParty\msdf-atlas-gen\shadron-preview-generator.h" />
    <ClInclude Include="ThirdParty\msdf-atlas-gen\size-selectors.h" />
    <ClInclude Include="ThirdParty\msdf-atlas-gen\TightAtlasPacker.h" />
    <ClInclude Include="ThirdParty\msdf-atlas-gen\types.h" />
    <ClInclude Include="ThirdParty\msdf-atlas-gen\utf8.h" />
    <ClInclude Include="ThirdParty\msdf-atlas-gen\Padding.h" />
    <ClInclude Include="ThirdParty\msdf-atlas-gen\artery-font-export.h" />
    <ClInclude Include="ThirdParty\msdf-atlas-gen\AtlasGenerator.h" />
    <ClInclude Include="ThirdParty\msdf-atlas-gen\AtlasStorage.h" />
    <ClInclude Include="ThirdParty\msdf-atlas-gen\BitmapAtlasStorage.h" />
    <ClInclude Include="ThirdParty\msdf-atlas-gen\BitmapAtlasStorage.hpp" />
    <ClInclude Include="ThirdParty\msdf-atlas-gen\bitmap-blit.h" />
    <ClInclude Include="ThirdParty\msdf-atlas-gen\Charset.h" />
    <ClInclude Include="ThirdParty\msdf-atlas-gen\csv-export.h" />
    <ClInclude Include="ThirdParty\msdf-atlas-gen\DynamicAtlas.h" />
    <ClInclude Include="ThirdParty\msdf-atlas-gen\DynamicAtlas.hpp" />
    <ClInclude Include="ThirdParty\msdf-atlas-gen\FontGeometry.h" />
    <ClInclude Include="ThirdParty\msdf-atlas-gen\GlyphBox.h" />
    <ClInclude Include="ThirdParty\msdf-atlas-gen\glyph-generators.h" />
    <ClInclude Include="ThirdParty\msdf-atlas-gen\GlyphGeometry.h" />
    <ClInclude Include="ThirdParty\msdf-atlas-gen\GridAtlasPacker.h" />
    <ClInclude Include="ThirdParty\msdf-atlas-gen\image-encode.h" />
    <ClInclude Include="ThirdParty\msdf-atlas-gen\image-save.h" />
    <ClInclude Include="ThirdParty\msdf-atlas-gen\image-save.hpp" />
    <ClInclude Include="ThirdParty\msdf-atlas-gen\ImmediateAtlasGenerator.h" />
    <ClInclude Include="ThirdParty\msdf-atlas-gen\ImmediateAtlasGenerator.hpp" />
    <ClInclude Include="ThirdParty\msdf-atlas-gen\json-export.h" />
    <ClInclude Include="ThirdParty\msdf-atlas-gen\msdf-atlas-gen.h" />
  </ItemGroup>
  <ItemGroup>
    <Filter Include="Components">
      <UniqueIdentifier>{351dd623-45ad-4350-9628-326801572211}</UniqueIdentifier>
    </Filter>
    <Filter Include="Actor">
      <UniqueIdentifier>{08c3456d-1a1d-464a-90d9-5cb53ad355bc}</UniqueIdentifier>
    </Filter>
  </ItemGroup>
  <ItemGroup>
    <None Include="Shaders\SpriteShader.hlsl" />
    <None Include="Shaders\ColliderShader.hlsl" />
    <None Include="Shaders\TilemapShader.hlsl" />
    <None Include="Shaders\GridShader.hlsl" />
    <None Include="ThirdParty\msdf-atlas-gen\Debug\msdf-atlas-gen.pdb" />
    <None Include="ThirdParty\msdf-atlas-gen\Debug\msdfgen\msdfgen-core.pdb" />
    <None Include="ThirdParty\msdf-atlas-gen\Debug\msdfgen\msdfgen-ext.pdb" />
    <None Include="ThirdParty\msdf-atlas-gen\Release\msdfgen\bin\brotlicommon.pdb" />
    <None Include="ThirdParty\msdf-atlas-gen\Release\msdfgen\bin\brotlidec.dll" />
    <None Include="ThirdParty\msdf-atlas-gen\Release\msdfgen\bin\brotlidec.pdb" />
    <None Include="ThirdParty\msdf-atlas-gen\Release\msdfgen\bin\brotlienc.dll" />
    <None Include="ThirdParty\msdf-atlas-gen\Release\msdfgen\bin\brotlienc.pdb" />
    <None Include="ThirdParty\msdf-atlas-gen\Release\msdfgen\bin\bz2.dll" />
    <None Include="ThirdParty\msdf-atlas-gen\Release\msdfgen\bin\bz2.pdb" />
    <None Include="ThirdParty\msdf-atlas-gen\Release\msdfgen\bin\freetype.dll" />
    <None Include="ThirdParty\msdf-atlas-gen\Release\msdfgen\bin\freetype.pdb" />
    <None Include="ThirdParty\msdf-atlas-gen\Release\msdfgen\bin\jpeg62.dll" />
    <None Include="ThirdParty\msdf-atlas-gen\Release\msdfgen\bin\jpeg62.pdb" />
    <None Include="ThirdParty\msdf-atlas-gen\Release\msdfgen\bin\libexpat.dll" />
    <None Include="ThirdParty\msdf-atlas-gen\Release\msdfgen\bin\libexpat.pdb" />
    <None Include="ThirdParty\msdf-atlas-gen\Release\msdfgen\bin\libpng16.dll" />
    <None Include="ThirdParty\msdf-atlas-gen\Release\msdfgen\bin\libpng16.pdb" />
    <None Include="ThirdParty\msdf-atlas-gen\Release\msdfgen\bin\libsharpyuv.dll" />
    <None Include="ThirdParty\msdf-atlas-gen\Release\msdfgen\bin\libsharpyuv.pdb" />
    <None Include="ThirdParty\msdf-atlas-gen\Release\msdfgen\bin\libwebp.dll" />
    <None Include="ThirdParty\msdf-atlas-gen\Release\msdfgen\bin\libwebp.pdb" />
    <None Include="ThirdParty\msdf-atlas-gen\Release\msdfgen\bin\libwebpdecoder.dll" />
    <None Include="ThirdParty\msdf-atlas-gen\Release\msdfgen\bin\libwebpdecoder.pdb" />
    <None Include="ThirdParty\msdf-atlas-gen\Release\msdfgen\bin\libwebpdemux.dll" />
    <None Include="ThirdParty\msdf-atlas-gen\Release\msdfgen\bin\libwebpdemux.pdb" />
    <None Include="ThirdParty\msdf-atlas-gen\Release\msdfgen\bin\libwebpmux.dll" />
    <None Include="ThirdParty\msdf-atlas-gen\Release\msdfgen\bin\libwebpmux.pdb" />
    <None Include="ThirdParty\msdf-atlas-gen\Release\msdfgen\bin\pkgconf-5.dll" />
    <None Include="ThirdParty\msdf-atlas-gen\Release\msdfgen\bin\skia.dll" />
    <None Include="ThirdParty\msdf-atlas-gen\Release\msdfgen\bin\skshaper.dll" />
    <None Include="ThirdParty\msdf-atlas-gen\Release\msdfgen\bin\turbojpeg.dll" />
    <None Include="ThirdParty\msdf-atlas-gen\Release\msdfgen\bin\turbojpeg.pdb" />
    <None Include="ThirdParty\msdf-atlas-gen\Release\msdfgen\bin\zlib.pdb" />
    <None Include="ThirdParty\msdf-atlas-gen\Release\msdfgen\bin\zlib1.dll" />
    <None Include="ThirdParty\msdf-atlas-gen\artery-font-format\example.arfont" />
    <None Include="ThirdParty\msdf-atlas-gen\artery-font-format\README.md" />
  </ItemGroup>
  <ItemGroup>
    <Library Include="ThirdParty\DirectXTex\DirectXTex_Release.lib" />
    <Library Include="ThirdParty\DirectXTex\DirectXTex_Debug.lib" />
    <Library Include="ThirdParty\Box2D\box2d.lib" />
    <Library Include="ThirdParty\Box2D\box2dd.lib" />
    <Library Include="ThirdParty\msdf-atlas-gen\Debug\lib\libpng16d.lib" />
    <Library Include="ThirdParty\msdf-atlas-gen\Debug\lib\libsharpyuv.lib" />
    <Library Include="ThirdParty\msdf-atlas-gen\Debug\lib\libwebp.lib" />
    <Library Include="ThirdParty\msdf-atlas-gen\Debug\lib\libwebpdecoder.lib" />
    <Library Include="ThirdParty\msdf-atlas-gen\Debug\lib\libwebpdemux.lib" />
    <Library Include="ThirdParty\msdf-atlas-gen\Debug\lib\libwebpmux.lib" />
    <Library Include="ThirdParty\msdf-atlas-gen\Debug\lib\OpenGL32.Lib" />
    <Library Include="ThirdParty\msdf-atlas-gen\Debug\lib\pkgconf.lib" />
    <Library Include="ThirdParty\msdf-atlas-gen\Debug\lib\skia.dll.lib" />
    <Library Include="ThirdParty\msdf-atlas-gen\Debug\lib\skshaper.dll.lib" />
    <Library Include="ThirdParty\msdf-atlas-gen\Debug\lib\turbojpeg.lib" />
    <Library Include="ThirdParty\msdf-atlas-gen\Debug\lib\zlibd.lib" />
    <Library Include="ThirdParty\msdf-atlas-gen\Debug\lib\brotlicommon.lib" />
    <Library Include="ThirdParty\msdf-atlas-gen\Debug\lib\brotlidec.lib" />
    <Library Include="ThirdParty\msdf-atlas-gen\Debug\lib\brotlienc.lib" />
    <Library Include="ThirdParty\msdf-atlas-gen\Debug\lib\bz2d.lib" />
    <Library Include="ThirdParty\msdf-atlas-gen\Debug\lib\freetyped.lib" />
    <Library Include="ThirdParty\msdf-atlas-gen\Debug\lib\GlU32.Lib" />
    <Library Include="ThirdParty\msdf-atlas-gen\Debug\lib\jpeg.lib" />
    <Library Include="ThirdParty\msdf-atlas-gen\Debug\lib\libexpatd.lib" />
    <Library Include="ThirdParty\msdf-atlas-gen\Debug\msdf-atlas-gen.lib" />
    <Library Include="ThirdParty\msdf-atlas-gen\Debug\msdfgen\msdfgen-ext.lib" />
    <Library Include="ThirdParty\msdf-atlas-gen\Debug\msdfgen\msdfgen-core.lib" />
    <Library Include="ThirdParty\msdf-atlas-gen\Release\msdfgen\msdfgen-core.lib" />
    <Library Include="ThirdParty\msdf-atlas-gen\Release\msdfgen\msdfgen-ext.lib" />
    <Library Include="ThirdParty\msdf-atlas-gen\Release\msdf-atlas-gen.lib" />
    <Library Include="ThirdParty\msdf-atlas-gen\Release\msdfgen\lib\brotlicommon.lib" />
    <Library Include="ThirdParty\msdf-atlas-gen\Release\msdfgen\lib\brotlidec.lib" />
    <Library Include="ThirdParty\msdf-atlas-gen\Release\msdfgen\lib\brotlienc.lib" />
    <Library Include="ThirdParty\msdf-atlas-gen\Release\msdfgen\lib\bz2.lib" />
    <Library Include="ThirdParty\msdf-atlas-gen\Release\msdfgen\lib\freetype.lib" />
    <Library Include="ThirdParty\msdf-atlas-gen\Release\msdfgen\lib\GlU32.Lib" />
    <Library Include="ThirdParty\msdf-atlas-gen\Release\msdfgen\lib\jpeg.lib" />
    <Library Include="ThirdParty\msdf-atlas-gen\Release\msdfgen\lib\libexpat.lib" />
    <Library Include="ThirdParty\msdf-atlas-gen\Release\msdfgen\lib\libpng16.lib" />
    <Library Include="ThirdParty\msdf-atlas-gen\Release\msdfgen\lib\libsharpyuv.lib" />
    <Library Include="ThirdParty\msdf-atlas-gen\Release\msdfgen\lib\libwebp.lib" />
    <Library Include="ThirdParty\msdf-atlas-gen\Release\msdfgen\lib\libwebpdecoder.lib" />
    <Library Include="ThirdParty\msdf-atlas-gen\Release\msdfgen\lib\libwebpdemux.lib" />
    <Library Include="ThirdParty\msdf-atlas-gen\Release\msdfgen\lib\libwebpmux.lib" />
    <Library Include="ThirdParty\msdf-atlas-gen\Release\msdfgen\lib\OpenGL32.Lib" />
    <Library Include="ThirdParty\msdf-atlas-gen\Release\msdfgen\lib\pkgconf.lib" />
    <Library Include="ThirdParty\msdf-atlas-gen\Release\msdfgen\lib\skia.dll.lib" />
    <Library Include="ThirdParty\msdf-atlas-gen\Release\msdfgen\lib\skshaper.dll.lib" />
    <Library Include="ThirdParty\msdf-atlas-gen\Release\msdfgen\lib\turbojpeg.lib" />
    <Library Include="ThirdParty\msdf-atlas-gen\Release\msdfgen\lib\zlib.lib" />
  </ItemGroup>
  <ItemGroup>
    <CopyFileToFolders Include="ThirdParty\msdf-atlas-gen\Debug\bin\brotlicommon.dll" />
    <CopyFileToFolders Include="ThirdParty\msdf-atlas-gen\Debug\bin\brotlidec.dll" />
    <CopyFileToFolders Include="ThirdParty\msdf-atlas-gen\Debug\bin\brotlienc.dll" />
    <CopyFileToFolders Include="ThirdParty\msdf-atlas-gen\Debug\bin\bz2d.dll" />
    <CopyFileToFolders Include="ThirdParty\msdf-atlas-gen\Debug\bin\freetyped.dll" />
    <CopyFileToFolders Include="ThirdParty\msdf-atlas-gen\Debug\bin\jpeg62.dll" />
    <CopyFileToFolders Include="ThirdParty\msdf-atlas-gen\Debug\bin\libexpatd.dll" />
    <CopyFileToFolders Include="ThirdParty\msdf-atlas-gen\Debug\bin\libpng16d.dll" />
    <CopyFileToFolders Include="ThirdParty\msdf-atlas-gen\Debug\bin\libsharpyuv.dll" />
    <CopyFileToFolders Include="ThirdParty\msdf-atlas-gen\Debug\bin\libwebp.dll" />
    <CopyFileToFolders Include="ThirdParty\msdf-atlas-gen\Debug\bin\libwebpdecoder.dll" />
    <CopyFileToFolders Include="ThirdParty\msdf-atlas-gen\Debug\bin\libwebpdemux.dll" />
    <CopyFileToFolders Include="ThirdParty\msdf-atlas-gen\Debug\bin\libwebpmux.dll" />
    <CopyFileToFolders Include="ThirdParty\msdf-atlas-gen\Debug\bin\pkgconf-5.dll" />
    <CopyFileToFolders Include="ThirdParty\msdf-atlas-gen\Debug\bin\skia.dll" />
    <CopyFileToFolders Include="ThirdParty\msdf-atlas-gen\Debug\bin\skshaper.dll" />
    <CopyFileToFolders Include="ThirdParty\msdf-atlas-gen\Debug\bin\turbojpeg.dll" />
    <CopyFileToFolders Include="ThirdParty\msdf-atlas-gen\Debug\bin\zlibd1.dll" />
    <CopyFileToFolders Include="ThirdParty\msdf-atlas-gen\Release\msdfgen\bin\brotlicommon.dll" />
  </ItemGroup>
  <ItemGroup>
    <Text Include="ThirdParty\msdf-atlas-gen\artery-font-format\LICENSE.txt" />
  </ItemGroup>
</Project>