<?xml version="1.0" encoding="utf-8"?>
<Project ToolsVersion="4.0" xmlns="http://schemas.microsoft.com/developer/msbuild/2003">
  <ItemGroup>
    <ClCompile Include="EngineCore.cpp" />
    <ClCompile Include="EnginePCH.cpp" />
    <ClCompile Include="Level.cpp" />
    <ClCompile Include="Components\ActorComponent.cpp">
      <Filter>Components</Filter>
    </ClCompile>
    <ClCompile Include="Components\SceneComponent.cpp">
      <Filter>Components</Filter>
    </ClCompile>
    <ClCompile Include="Actor.cpp">
      <Filter>Actor</Filter>
    </ClCompile>
    <ClCompile Include="GameMode.cpp">
      <Filter>Actor</Filter>
    </ClCompile>
    <ClCompile Include="Pawn.cpp">
      <Filter>Actor</Filter>
    </ClCompile>
    <ClCompile Include="Components\RendererComponent.cpp">
      <Filter>Components</Filter>
    </ClCompile>
    <ClCompile Include="EngineDeviceContext.cpp" />
    <ClCompile Include="Resources\EngineBuffer.cpp" />
    <ClCompile Include="Resources\EngineShader.cpp" />
    <ClCompile Include="Components\CameraComponent.cpp" />
    <ClCompile Include="CameraActor.cpp" />
    <ClCompile Include="Resources\EngineTexture.cpp" />
    <ClCompile Include="Components\SpriteRendererComponent.cpp" />
    <ClCompile Include="Resources\EngineResource.cpp" />
    <ClCompile Include="ResourceManager.cpp" />
    <ClCompile Include="Resources\EngineSprite.cpp" />
    <ClCompile Include="Components\InputComponent.cpp" />
    <ClCompile Include="EngineInputEvent.cpp" />
    <ClCompile Include="Components\DefaultSceneComponent.cpp" />
    <ClCompile Include="Components\AnimatorComponent.cpp" />
    <ClCompile Include="Resources\EngineAnimation.cpp" />
    <ClCompile Include="RenderUnit.cpp" />
    <ClCompile Include="Resources\EngineMesh.cpp" />
    <ClCompile Include="Resources\EngineVertexShader.cpp" />
    <ClCompile Include="Resources\EnginePixelShader.cpp" />
    <ClCompile Include="EngineShaderFactory.cpp" />
    <ClCompile Include="Resources\EngineSamplerState.cpp" />
    <ClCompile Include="Resources\EngineMaterial.cpp" />
    <ClCompile Include="EngineShaderResources.cpp" />
    <ClCompile Include="States\EngineRasterizerState.cpp" />
    <ClCompile Include="StateManager.cpp" />
    <ClCompile Include="States\EngineBlendState.cpp" />
    <ClCompile Include="States\EngineDepthStencilState.cpp" />
    <ClCompile Include="TimerManager.cpp" />
    <ClCompile Include="ThirdParty\IMGUI\imgui.cpp" />
    <ClCompile Include="ThirdParty\IMGUI\imgui_demo.cpp" />
    <ClCompile Include="ThirdParty\IMGUI\imgui_draw.cpp" />
    <ClCompile Include="ThirdParty\IMGUI\imgui_tables.cpp" />
    <ClCompile Include="ThirdParty\IMGUI\imgui_widgets.cpp" />
    <ClCompile Include="ThirdParty\IMGUI\imgui_impl_dx11.cpp" />
    <ClCompile Include="ThirdParty\IMGUI\imgui_impl_win32.cpp" />
    <ClCompile Include="Components\BoxCollider2DComponent.cpp" />
    <ClCompile Include="GUI\ImGuiLayer.cpp" />
    <ClCompile Include="GUI\EngineImGuiWindow.cpp" />
    <ClCompile Include="GUI\HierarchyWindow.cpp" />
    <ClCompile Include="Components\Rigidbody2DComponent.cpp" />
    <ClCompile Include="States\EngineState.cpp" />
    <ClCompile Include="Components\Collider2DComponent.cpp" />
    <ClCompile Include="GUI\DevTestWindow.cpp" />
    <ClCompile Include="Components\TilemapRendererComponent.cpp" />
    <ClCompile Include="Components\TilemapComponent.cpp" />
    <ClCompile Include="Components\TilemapColliderComponent.cpp" />
    <ClCompile Include="GUI\TilemapEditorWindow.cpp" />
    <ClCompile Include="Components\GridRendererComponent.cpp" />
    <ClCompile Include="Components\Renderer2DComponent.cpp" />
    <ClCompile Include="Components\CapsuleCollider2DComponent.cpp" />
  </ItemGroup>
  <ItemGroup>
    <ClInclude Include="EngineCore.h" />
    <ClInclude Include="EnginePCH.h" />
    <ClInclude Include="IContentsCore.h" />
    <ClInclude Include="Level.h" />
    <ClInclude Include="Components\ActorComponent.h">
      <Filter>Components</Filter>
    </ClInclude>
    <ClInclude Include="Components\SceneComponent.h">
      <Filter>Components</Filter>
    </ClInclude>
    <ClInclude Include="Actor.h">
      <Filter>Actor</Filter>
    </ClInclude>
    <ClInclude Include="GameMode.h">
      <Filter>Actor</Filter>
    </ClInclude>
    <ClInclude Include="Pawn.h">
      <Filter>Actor</Filter>
    </ClInclude>
    <ClInclude Include="Components\RendererComponent.h">
      <Filter>Components</Filter>
    </ClInclude>
    <ClInclude Include="EngineDeviceContext.h" />
    <ClInclude Include="Resources\EngineBuffer.h" />
    <ClInclude Include="Resources\EngineShader.h" />
    <ClInclude Include="Components\CameraComponent.h" />
    <ClInclude Include="CameraActor.h" />
    <ClInclude Include="Resources\EngineTexture.h" />
    <ClInclude Include="Components\SpriteRendererComponent.h" />
    <ClInclude Include="Resources\EngineResource.h" />
    <ClInclude Include="ResourceManager.h" />
    <ClInclude Include="Resources\EngineSprite.h" />
    <ClInclude Include="Components\InputComponent.h" />
    <ClInclude Include="EngineInputEvent.h" />
    <ClInclude Include="Components\DefaultSceneComponent.h" />
    <ClInclude Include="Components\AnimatorComponent.h" />
    <ClInclude Include="Resources\EngineAnimation.h" />
    <ClInclude Include="RenderUnit.h" />
    <ClInclude Include="Resources\EngineMesh.h" />
    <ClInclude Include="Resources\EngineVertexShader.h" />
    <ClInclude Include="Resources\EnginePixelShader.h" />
    <ClInclude Include="EngineShaderFactory.h" />
    <ClInclude Include="Resources\EngineSamplerState.h" />
    <ClInclude Include="Resources\EngineMaterial.h" />
    <ClInclude Include="EngineShaderResources.h" />
    <ClInclude Include="States\EngineRasterizerState.h" />
    <ClInclude Include="StateManager.h" />
    <ClInclude Include="States\EngineBlendState.h" />
    <ClInclude Include="States\EngineDepthStencilState.h" />
    <ClInclude Include="TimerManager.h" />
    <ClInclude Include="ThirdParty\IMGUI\imconfig.h" />
    <ClInclude Include="ThirdParty\IMGUI\imgui.h" />
    <ClInclude Include="ThirdParty\IMGUI\imgui_internal.h" />
    <ClInclude Include="ThirdParty\IMGUI\imstb_rectpack.h" />
    <ClInclude Include="ThirdParty\IMGUI\imstb_textedit.h" />
    <ClInclude Include="ThirdParty\IMGUI\imstb_truetype.h" />
    <ClInclude Include="ThirdParty\IMGUI\imgui_impl_dx11.h" />
    <ClInclude Include="ThirdParty\IMGUI\imgui_impl_win32.h" />
    <ClInclude Include="Components\BoxCollider2DComponent.h" />
    <ClInclude Include="GUI\ImGuiLayer.h" />
    <ClInclude Include="GUI\EngineImGuiWindow.h" />
    <ClInclude Include="GUI\HierarchyWindow.h" />
    <ClInclude Include="ThirdParty\Box2D\include\base.h" />
    <ClInclude Include="ThirdParty\Box2D\include\box2d.h" />
    <ClInclude Include="ThirdParty\Box2D\include\collision.h" />
    <ClInclude Include="ThirdParty\Box2D\include\id.h" />
    <ClInclude Include="ThirdParty\Box2D\include\math_functions.h" />
    <ClInclude Include="ThirdParty\Box2D\include\types.h" />
    <ClInclude Include="Components\Rigidbody2DComponent.h" />
    <ClInclude Include="States\EngineState.h" />
    <ClInclude Include="Components\Collider2DComponent.h" />
    <ClInclude Include="GUI\DevTestWindow.h" />
    <ClInclude Include="Components\TilemapRendererComponent.h" />
    <ClInclude Include="Components\TilemapComponent.h" />
    <ClInclude Include="Enums\EngineLayer.h" />
    <ClInclude Include="Components\TilemapColliderComponent.h" />
    <ClInclude Include="Structures\Renderer2DBufferData.h" />
    <ClInclude Include="GUI\TilemapEditorWindow.h" />
    <ClInclude Include="Components\GridRendererComponent.h" />
    <ClInclude Include="Components\Renderer2DComponent.h" />
    <ClInclude Include="Components\CapsuleCollider2DComponent.h" />
  </ItemGroup>
  <ItemGroup>
    <Filter Include="Components">
      <UniqueIdentifier>{351dd623-45ad-4350-9628-326801572211}</UniqueIdentifier>
    </Filter>
    <Filter Include="Actor">
      <UniqueIdentifier>{08c3456d-1a1d-464a-90d9-5cb53ad355bc}</UniqueIdentifier>
    </Filter>
  </ItemGroup>
  <ItemGroup>
    <None Include="Shaders\SpriteShader.hlsl" />
    <None Include="Shaders\ColliderShader.hlsl" />
    <None Include="Shaders\TilemapShader.hlsl" />
    <None Include="Shaders\GridShader.hlsl" />
  </ItemGroup>
  <ItemGroup>
    <Library Include="ThirdParty\DirectXTex\DirectXTex_Release.lib" />
    <Library Include="ThirdParty\DirectXTex\DirectXTex_Debug.lib" />
    <Library Include="ThirdParty\Box2D\box2d.lib" />
    <Library Include="ThirdParty\Box2D\box2dd.lib" />
  </ItemGroup>
</Project>