<?xml version="1.0" encoding="utf-8"?>
<Project ToolsVersion="4.0" xmlns="http://schemas.microsoft.com/developer/msbuild/2003">
  <ItemGroup>
    <ClCompile Include="TeviContentsCore.cpp" />
    <ClCompile Include="EnginePCH.cpp" />
    <ClCompile Include="TitleLogo.cpp" />
    <ClCompile Include="Player.cpp">
      <Filter>Player</Filter>
    </ClCompile>
    <ClCompile Include="BaseStateMachine.cpp">
      <Filter>FSM</Filter>
    </ClCompile>
    <ClCompile Include="TitleGameMode.cpp">
      <Filter>GameMode</Filter>
    </ClCompile>
    <ClCompile Include="TestGameMode.cpp">
      <Filter>GameMode</Filter>
    </ClCompile>
    <ClCompile Include="PlayerStateMachine.cpp">
      <Filter>Player</Filter>
    </ClCompile>
    <ClCompile Include="TilemapEditorGameMode.cpp">
      <Filter>GameMode</Filter>
    </ClCompile>
    <ClCompile Include="Enemy.cpp">
      <Filter>Enemy</Filter>
    </ClCompile>
    <ClCompile Include="PlayerGroundState.cpp">
      <Filter>Player\PlayerState</Filter>
    </ClCompile>
    <ClCompile Include="PlayerIdleState.cpp">
      <Filter>Player\PlayerState</Filter>
    </ClCompile>
    <ClCompile Include="PlayerJumpState.cpp">
      <Filter>Player\PlayerState</Filter>
    </ClCompile>
    <ClCompile Include="PlayerRunState.cpp">
      <Filter>Player\PlayerState</Filter>
    </ClCompile>
    <ClCompile Include="PlayerState.cpp">
      <Filter>Player\PlayerState</Filter>
    </ClCompile>
    <ClCompile Include="GridActor.cpp" />
    <ClCompile Include="Entity.cpp" />
    <ClCompile Include="FontAtlasEditorGameMode.cpp">
      <Filter>GameMode</Filter>
    </ClCompile>
  </ItemGroup>
  <ItemGroup>
    <ClInclude Include="TeviContentsCore.h" />
    <ClInclude Include="EnginePCH.h" />
    <ClInclude Include="TitleLogo.h" />
    <ClInclude Include="Player.h">
      <Filter>Player</Filter>
    </ClInclude>
    <ClInclude Include="BaseStateMachine.h">
      <Filter>FSM</Filter>
    </ClInclude>
    <ClInclude Include="BaseState.h">
      <Filter>FSM</Filter>
    </ClInclude>
    <ClInclude Include="TitleGameMode.h">
      <Filter>GameMode</Filter>
    </ClInclude>
    <ClInclude Include="TestGameMode.h">
      <Filter>GameMode</Filter>
    </ClInclude>
    <ClInclude Include="PlayerStateMachine.h">
      <Filter>Player</Filter>
    </ClInclude>
    <ClInclude Include="TilemapEditorGameMode.h">
      <Filter>GameMode</Filter>
    </ClInclude>
    <ClInclude Include="Enemy.h">
      <Filter>Enemy</Filter>
    </ClInclude>
    <ClInclude Include="PlayerGroundState.h">
      <Filter>Player\PlayerState</Filter>
    </ClInclude>
    <ClInclude Include="PlayerIdleState.h">
      <Filter>Player\PlayerState</Filter>
    </ClInclude>
    <ClInclude Include="PlayerJumpState.h">
      <Filter>Player\PlayerState</Filter>
    </ClInclude>
    <ClInclude Include="PlayerRunState.h">
      <Filter>Player\PlayerState</Filter>
    </ClInclude>
    <ClInclude Include="PlayerState.h">
      <Filter>Player\PlayerState</Filter>
    </ClInclude>
    <ClInclude Include="GridActor.h" />
    <ClInclude Include="Entity.h" />
    <ClInclude Include="FontAtlasEditorGameMode.h">
      <Filter>GameMode</Filter>
    </ClInclude>
  </ItemGroup>
  <ItemGroup>
    <Filter Include="Player">
      <UniqueIdentifier>{6b71277b-2839-4aa1-b92b-4ed00f5585d9}</UniqueIdentifier>
    </Filter>
    <Filter Include="FSM">
      <UniqueIdentifier>{e9d9f023-5a69-4385-adfe-63f7619229ce}</UniqueIdentifier>
    </Filter>
    <Filter Include="GameMode">
      <UniqueIdentifier>{c7cbe238-28f2-487b-81c8-0b371ca35338}</UniqueIdentifier>
    </Filter>
    <Filter Include="Enemy">
      <UniqueIdentifier>{c0e49f62-e7df-488e-8802-fd52eab49859}</UniqueIdentifier>
    </Filter>
    <Filter Include="Player\PlayerState">
      <UniqueIdentifier>{1d21152d-c535-49e8-89e5-69f8754de795}</UniqueIdentifier>
    </Filter>
    <Filter Include="Stage">
      <UniqueIdentifier>{48bfc1b4-771b-4366-b711-43d4b5c4b947}</UniqueIdentifier>
    </Filter>
  </ItemGroup>
</Project>